{
  "requires": true,
  "lockfileVersion": 1,
  "dependencies": {
    "jquery": {
      "version": "3.4.1",
      "resolved": "https://registry.npmjs.org/jquery/-/jquery-3.4.1.tgz",
      "integrity": "sha512-36+AdBzCL+y6qjw5Tx7HgzeGCzC81MDDgaUP8ld2zhx58HdqXGoBd+tHdrBMiyjGQs0Hxs/MLZTu/eHNJJuWPw=="
    },
    "pjax": {
      "version": "0.2.8",
      "resolved": "https://registry.npmjs.org/pjax/-/pjax-0.2.8.tgz",
      "integrity": "sha512-IeVXXIZJzxVDYzV2Td5MZkWJcny8JRCz2dQ1xxhIUbIFgP+08ymV7WXVtbF8NlUd2MZKH1cNvhuTOd2QAOGcOg=="
    }
  }
}
